
Microsoft Visual Studio Solution File, Format Version 12.00
# Visual Studio 15
VisualStudioVersion = 15.0.28307.705
MinimumVisualStudioVersion = 10.0.40219.1
Project("{FAE04EC0-301F-11D3-BF4B-00C04F79EFBC}") = "HiveFive.Web", "HiveFive.Web\HiveFive.Web.csproj", "{19F5AFC9-F785-4B95-A1C3-50052A21E890}"
EndProject
Project("{FAE04EC0-301F-11D3-BF4B-00C04F79EFBC}") = "HiveFive.Framework", "HiveFive.Framework\HiveFive.Framework.csproj", "{F15F3F51-3A86-46F0-94D6-887E149F7629}"
EndProject
Project("{FAE04EC0-301F-11D3-BF4B-00C04F79EFBC}") = "HiveFive.Core.Common", "HiveFive.Core.Common\HiveFive.Core.Common.csproj", "{41566DEB-B796-4D22-AFD2-BC36FC5FF798}"
EndProject
Project("{FAE04EC0-301F-11D3-BF4B-00C04F79EFBC}") = "HiveFive.Core", "HiveFive.Core\HiveFive.Core.csproj", "{3E545B33-C44A-444D-952F-B9BCC2657222}"
EndProject
Project("{FAE04EC0-301F-11D3-BF4B-00C04F79EFBC}") = "HiveFive.Enums", "HiveFive.Enums\HiveFive.Enums.csproj", "{1C925E14-AB96-4C7C-8537-4237547FB63E}"
EndProject
Project("{FAE04EC0-301F-11D3-BF4B-00C04F79EFBC}") = "HiveFive.Data", "HiveFive.Data\HiveFive.Data.csproj", "{D80D8F9B-3443-45BA-BE26-173A081DD2D0}"
EndProject
Project("{FAE04EC0-301F-11D3-BF4B-00C04F79EFBC}") = "HiveFive.Data.Common", "HiveFive.Data.Common\HiveFive.Data.Common.csproj", "{325E0E54-0F19-4D49-977F-FFB4E1769DB0}"
EndProject
Project("{FAE04EC0-301F-11D3-BF4B-00C04F79EFBC}") = "HiveFive.Web.DI", "HiveFive.Web.DI\HiveFive.Web.DI.csproj", "{E613EBF2-FF32-4CC8-91CE-9B722A51EE78}"
EndProject
Project("{00D1A9C2-B5F0-4AF3-8072-F6C62B433612}") = "HiveFive.Database", "HiveFive.Database\HiveFive.Database.sqlproj", "{6F7DDA2C-B7A1-4ACB-A243-006E0B484C6A}"
EndProject
Project("{2150E333-8FDC-42A3-9474-1A3956D46DE8}") = "Core", "Core", "{6E769CE7-87AC-4823-896B-855125B98A60}"
EndProject
Project("{2150E333-8FDC-42A3-9474-1A3956D46DE8}") = "Data", "Data", "{EE1702AD-5C4C-4ACD-9361-8FDF06F1DFD8}"
EndProject
Project("{2150E333-8FDC-42A3-9474-1A3956D46DE8}") = "Website", "Website", "{FB509F84-601C-450B-8E0E-4F864D1A7DF7}"
EndProject
Project("{FAE04EC0-301F-11D3-BF4B-00C04F79EFBC}") = "HiveFive.Resources", "HiveFive.Resources\HiveFive.Resources.csproj", "{B867E8F1-A4FF-4191-838E-13F0435D8C2C}"
EndProject
Project("{2150E333-8FDC-42A3-9474-1A3956D46DE8}") = "Services", "Services", "{D975A89A-3C48-4DFA-8669-04F2F513710E}"
EndProject
Project("{FAE04EC0-301F-11D3-BF4B-00C04F79EFBC}") = "HiveFive.EmailService", "HiveFive.EmailService\HiveFive.EmailService.csproj", "{CFFA9633-982E-469C-8D18-E47E486AF60E}"
EndProject
Global
	GlobalSection(SolutionConfigurationPlatforms) = preSolution
		Debug|Any CPU = Debug|Any CPU
		Release|Any CPU = Release|Any CPU
	EndGlobalSection
	GlobalSection(ProjectConfigurationPlatforms) = postSolution
		{19F5AFC9-F785-4B95-A1C3-50052A21E890}.Debug|Any CPU.ActiveCfg = Debug|Any CPU
		{19F5AFC9-F785-4B95-A1C3-50052A21E890}.Debug|Any CPU.Build.0 = Debug|Any CPU
		{19F5AFC9-F785-4B95-A1C3-50052A21E890}.Release|Any CPU.ActiveCfg = Release|Any CPU
		{19F5AFC9-F785-4B95-A1C3-50052A21E890}.Release|Any CPU.Build.0 = Release|Any CPU
		{F15F3F51-3A86-46F0-94D6-887E149F7629}.Debug|Any CPU.ActiveCfg = Debug|Any CPU
		{F15F3F51-3A86-46F0-94D6-887E149F7629}.Debug|Any CPU.Build.0 = Debug|Any CPU
		{F15F3F51-3A86-46F0-94D6-887E149F7629}.Release|Any CPU.ActiveCfg = Release|Any CPU
		{F15F3F51-3A86-46F0-94D6-887E149F7629}.Release|Any CPU.Build.0 = Release|Any CPU
		{41566DEB-B796-4D22-AFD2-BC36FC5FF798}.Debug|Any CPU.ActiveCfg = Debug|Any CPU
		{41566DEB-B796-4D22-AFD2-BC36FC5FF798}.Debug|Any CPU.Build.0 = Debug|Any CPU
		{41566DEB-B796-4D22-AFD2-BC36FC5FF798}.Release|Any CPU.ActiveCfg = Release|Any CPU
		{41566DEB-B796-4D22-AFD2-BC36FC5FF798}.Release|Any CPU.Build.0 = Release|Any CPU
		{3E545B33-C44A-444D-952F-B9BCC2657222}.Debug|Any CPU.ActiveCfg = Debug|Any CPU
		{3E545B33-C44A-444D-952F-B9BCC2657222}.Debug|Any CPU.Build.0 = Debug|Any CPU
		{3E545B33-C44A-444D-952F-B9BCC2657222}.Release|Any CPU.ActiveCfg = Release|Any CPU
		{3E545B33-C44A-444D-952F-B9BCC2657222}.Release|Any CPU.Build.0 = Release|Any CPU
		{1C925E14-AB96-4C7C-8537-4237547FB63E}.Debug|Any CPU.ActiveCfg = Debug|Any CPU
		{1C925E14-AB96-4C7C-8537-4237547FB63E}.Debug|Any CPU.Build.0 = Debug|Any CPU
		{1C925E14-AB96-4C7C-8537-4237547FB63E}.Release|Any CPU.ActiveCfg = Release|Any CPU
		{1C925E14-AB96-4C7C-8537-4237547FB63E}.Release|Any CPU.Build.0 = Release|Any CPU
		{D80D8F9B-3443-45BA-BE26-173A081DD2D0}.Debug|Any CPU.ActiveCfg = Debug|Any CPU
		{D80D8F9B-3443-45BA-BE26-173A081DD2D0}.Debug|Any CPU.Build.0 = Debug|Any CPU
		{D80D8F9B-3443-45BA-BE26-173A081DD2D0}.Release|Any CPU.ActiveCfg = Release|Any CPU
		{D80D8F9B-3443-45BA-BE26-173A081DD2D0}.Release|Any CPU.Build.0 = Release|Any CPU
		{325E0E54-0F19-4D49-977F-FFB4E1769DB0}.Debug|Any CPU.ActiveCfg = Debug|Any CPU
		{325E0E54-0F19-4D49-977F-FFB4E1769DB0}.Debug|Any CPU.Build.0 = Debug|Any CPU
		{325E0E54-0F19-4D49-977F-FFB4E1769DB0}.Release|Any CPU.ActiveCfg = Release|Any CPU
		{325E0E54-0F19-4D49-977F-FFB4E1769DB0}.Release|Any CPU.Build.0 = Release|Any CPU
		{E613EBF2-FF32-4CC8-91CE-9B722A51EE78}.Debug|Any CPU.ActiveCfg = Debug|Any CPU
		{E613EBF2-FF32-4CC8-91CE-9B722A51EE78}.Debug|Any CPU.Build.0 = Debug|Any CPU
		{E613EBF2-FF32-4CC8-91CE-9B722A51EE78}.Release|Any CPU.ActiveCfg = Release|Any CPU
		{E613EBF2-FF32-4CC8-91CE-9B722A51EE78}.Release|Any CPU.Build.0 = Release|Any CPU
		{6F7DDA2C-B7A1-4ACB-A243-006E0B484C6A}.Debug|Any CPU.ActiveCfg = Debug|Any CPU
		{6F7DDA2C-B7A1-4ACB-A243-006E0B484C6A}.Debug|Any CPU.Build.0 = Debug|Any CPU
		{6F7DDA2C-B7A1-4ACB-A243-006E0B484C6A}.Debug|Any CPU.Deploy.0 = Debug|Any CPU
		{6F7DDA2C-B7A1-4ACB-A243-006E0B484C6A}.Release|Any CPU.ActiveCfg = Release|Any CPU
		{6F7DDA2C-B7A1-4ACB-A243-006E0B484C6A}.Release|Any CPU.Build.0 = Release|Any CPU
		{6F7DDA2C-B7A1-4ACB-A243-006E0B484C6A}.Release|Any CPU.Deploy.0 = Release|Any CPU
		{B867E8F1-A4FF-4191-838E-13F0435D8C2C}.Debug|Any CPU.ActiveCfg = Debug|Any CPU
		{B867E8F1-A4FF-4191-838E-13F0435D8C2C}.Debug|Any CPU.Build.0 = Debug|Any CPU
		{B867E8F1-A4FF-4191-838E-13F0435D8C2C}.Release|Any CPU.ActiveCfg = Release|Any CPU
		{B867E8F1-A4FF-4191-838E-13F0435D8C2C}.Release|Any CPU.Build.0 = Release|Any CPU
		{CFFA9633-982E-469C-8D18-E47E486AF60E}.Debug|Any CPU.ActiveCfg = Debug|Any CPU
		{CFFA9633-982E-469C-8D18-E47E486AF60E}.Debug|Any CPU.Build.0 = Debug|Any CPU
		{CFFA9633-982E-469C-8D18-E47E486AF60E}.Release|Any CPU.ActiveCfg = Release|Any CPU
		{CFFA9633-982E-469C-8D18-E47E486AF60E}.Release|Any CPU.Build.0 = Release|Any CPU
	EndGlobalSection
	GlobalSection(SolutionProperties) = preSolution
		HideSolutionNode = FALSE
	EndGlobalSection
	GlobalSection(NestedProjects) = preSolution
		{19F5AFC9-F785-4B95-A1C3-50052A21E890} = {FB509F84-601C-450B-8E0E-4F864D1A7DF7}
		{F15F3F51-3A86-46F0-94D6-887E149F7629} = {6E769CE7-87AC-4823-896B-855125B98A60}
		{41566DEB-B796-4D22-AFD2-BC36FC5FF798} = {6E769CE7-87AC-4823-896B-855125B98A60}
		{3E545B33-C44A-444D-952F-B9BCC2657222} = {6E769CE7-87AC-4823-896B-855125B98A60}
		{1C925E14-AB96-4C7C-8537-4237547FB63E} = {6E769CE7-87AC-4823-896B-855125B98A60}
		{D80D8F9B-3443-45BA-BE26-173A081DD2D0} = {EE1702AD-5C4C-4ACD-9361-8FDF06F1DFD8}
		{325E0E54-0F19-4D49-977F-FFB4E1769DB0} = {EE1702AD-5C4C-4ACD-9361-8FDF06F1DFD8}
		{E613EBF2-FF32-4CC8-91CE-9B722A51EE78} = {FB509F84-601C-450B-8E0E-4F864D1A7DF7}
		{6F7DDA2C-B7A1-4ACB-A243-006E0B484C6A} = {EE1702AD-5C4C-4ACD-9361-8FDF06F1DFD8}
		{B867E8F1-A4FF-4191-838E-13F0435D8C2C} = {6E769CE7-87AC-4823-896B-855125B98A60}
		{CFFA9633-982E-469C-8D18-E47E486AF60E} = {D975A89A-3C48-4DFA-8669-04F2F513710E}
	EndGlobalSection
	GlobalSection(ExtensibilityGlobals) = postSolution
		SolutionGuid = {BE9291F8-8EB2-4FBF-94EE-728578F1CEBC}
	EndGlobalSection
EndGlobal
